
Microsoft Visual Studio Solution File, Format Version 12.00
# Visual Studio Version 16
VisualStudioVersion = 16.0.31229.75
MinimumVisualStudioVersion = 10.0.40219.1
Project("{FAE04EC0-301F-11D3-BF4B-00C04F79EFBC}") = "FeatureFolders", "FeatureFolders\FeatureFolders.csproj", "{1D421C39-BA63-4551-8355-64F2CBE6BE70}"
EndProject
Global
	GlobalSection(SolutionConfigurationPlatforms) = preSolution
		Debug|Any CPU = Debug|Any CPU
		Release|Any CPU = Release|Any CPU
	EndGlobalSection
	GlobalSection(ProjectConfigurationPlatforms) = postSolution
		{1D421C39-BA63-4551-8355-64F2CBE6BE70}.Debug|Any CPU.ActiveCfg = Debug|Any CPU
		{1D421C39-BA63-4551-8355-64F2CBE6BE70}.Debug|Any CPU.Build.0 = Debug|Any CPU
		{1D421C39-BA63-4551-8355-64F2CBE6BE70}.Release|Any CPU.ActiveCfg = Release|Any CPU
		{1D421C39-BA63-4551-8355-64F2CBE6BE70}.Release|Any CPU.Build.0 = Release|Any CPU
	EndGlobalSection
	GlobalSection(SolutionProperties) = preSolution
		HideSolutionNode = FALSE
	EndGlobalSection
	GlobalSection(ExtensibilityGlobals) = postSolution
		SolutionGuid = {EC72A88E-780C-4BC0-8B13-504619F80743}
	EndGlobalSection
EndGlobal
