
Microsoft Visual Studio Solution File, Format Version 12.00
# Visual Studio 15
VisualStudioVersion = 15.0.27130.2027
MinimumVisualStudioVersion = 10.0.40219.1
Project("{9A19103F-16F7-4668-BE54-9A1E7A4F7556}") = "CQRS.RestApi", "CQRS.RestApi\CQRS.RestApi.csproj", "{66ADE741-2761-4C28-8F33-2A9213BDC9EE}"
EndProject
Project("{FAE04EC0-301F-11D3-BF4B-00C04F79EFBC}") = "CQRS.WCF", "CQRS.WCF\CQRS.WCF.csproj", "{03E509FF-E9F0-4DDE-8ECA-2D5EA62E06EA}"
EndProject
Project("{9A19103F-16F7-4668-BE54-9A1E7A4F7556}") = "CQRS.Application", "CQRS.Application\CQRS.Application.csproj", "{9A330490-CAED-45C1-8677-E85A9C9F29FD}"
EndProject
Project("{9A19103F-16F7-4668-BE54-9A1E7A4F7556}") = "CQRS.Domain", "CQRS.Domain\CQRS.Domain.csproj", "{5DAC18C5-C95A-4FBE-9300-6F6EBE987BD5}"
EndProject
Project("{9A19103F-16F7-4668-BE54-9A1E7A4F7556}") = "CQRS.Infrastructure", "CQRS.Infrastructure\CQRS.Infrastructure.csproj", "{A25BF808-CD15-4CCB-9B65-253A601B9F47}"
EndProject
Project("{9A19103F-16F7-4668-BE54-9A1E7A4F7556}") = "CQRS.Finders", "CQRS.Finders\CQRS.Finders.csproj", "{372772DD-F1FC-46AF-9AA4-AB2B07849267}"
EndProject
Global
	GlobalSection(SolutionConfigurationPlatforms) = preSolution
		Debug|Any CPU = Debug|Any CPU
		Release|Any CPU = Release|Any CPU
	EndGlobalSection
	GlobalSection(ProjectConfigurationPlatforms) = postSolution
		{66ADE741-2761-4C28-8F33-2A9213BDC9EE}.Debug|Any CPU.ActiveCfg = Debug|Any CPU
		{66ADE741-2761-4C28-8F33-2A9213BDC9EE}.Debug|Any CPU.Build.0 = Debug|Any CPU
		{66ADE741-2761-4C28-8F33-2A9213BDC9EE}.Release|Any CPU.ActiveCfg = Release|Any CPU
		{66ADE741-2761-4C28-8F33-2A9213BDC9EE}.Release|Any CPU.Build.0 = Release|Any CPU
		{03E509FF-E9F0-4DDE-8ECA-2D5EA62E06EA}.Debug|Any CPU.ActiveCfg = Debug|Any CPU
		{03E509FF-E9F0-4DDE-8ECA-2D5EA62E06EA}.Debug|Any CPU.Build.0 = Debug|Any CPU
		{03E509FF-E9F0-4DDE-8ECA-2D5EA62E06EA}.Release|Any CPU.ActiveCfg = Release|Any CPU
		{03E509FF-E9F0-4DDE-8ECA-2D5EA62E06EA}.Release|Any CPU.Build.0 = Release|Any CPU
		{9A330490-CAED-45C1-8677-E85A9C9F29FD}.Debug|Any CPU.ActiveCfg = Debug|Any CPU
		{9A330490-CAED-45C1-8677-E85A9C9F29FD}.Debug|Any CPU.Build.0 = Debug|Any CPU
		{9A330490-CAED-45C1-8677-E85A9C9F29FD}.Release|Any CPU.ActiveCfg = Release|Any CPU
		{9A330490-CAED-45C1-8677-E85A9C9F29FD}.Release|Any CPU.Build.0 = Release|Any CPU
		{5DAC18C5-C95A-4FBE-9300-6F6EBE987BD5}.Debug|Any CPU.ActiveCfg = Debug|Any CPU
		{5DAC18C5-C95A-4FBE-9300-6F6EBE987BD5}.Debug|Any CPU.Build.0 = Debug|Any CPU
		{5DAC18C5-C95A-4FBE-9300-6F6EBE987BD5}.Release|Any CPU.ActiveCfg = Release|Any CPU
		{5DAC18C5-C95A-4FBE-9300-6F6EBE987BD5}.Release|Any CPU.Build.0 = Release|Any CPU
		{A25BF808-CD15-4CCB-9B65-253A601B9F47}.Debug|Any CPU.ActiveCfg = Debug|Any CPU
		{A25BF808-CD15-4CCB-9B65-253A601B9F47}.Debug|Any CPU.Build.0 = Debug|Any CPU
		{A25BF808-CD15-4CCB-9B65-253A601B9F47}.Release|Any CPU.ActiveCfg = Release|Any CPU
		{A25BF808-CD15-4CCB-9B65-253A601B9F47}.Release|Any CPU.Build.0 = Release|Any CPU
		{372772DD-F1FC-46AF-9AA4-AB2B07849267}.Debug|Any CPU.ActiveCfg = Debug|Any CPU
		{372772DD-F1FC-46AF-9AA4-AB2B07849267}.Debug|Any CPU.Build.0 = Debug|Any CPU
		{372772DD-F1FC-46AF-9AA4-AB2B07849267}.Release|Any CPU.ActiveCfg = Release|Any CPU
		{372772DD-F1FC-46AF-9AA4-AB2B07849267}.Release|Any CPU.Build.0 = Release|Any CPU
	EndGlobalSection
	GlobalSection(SolutionProperties) = preSolution
		HideSolutionNode = FALSE
	EndGlobalSection
	GlobalSection(ExtensibilityGlobals) = postSolution
		SolutionGuid = {B45E1ABF-526D-45B3-9E65-4D8C61474DB0}
	EndGlobalSection
EndGlobal
